// !$*UTF8*$!
{
	archiveVersion = 1;
	classes = {
	};
	objectVersion = 50;
	objects = {

/* Begin PBXBuildFile section */
		57035EBA255BBF1200DB3A19 /* BeakerTicks.swift in Sources */ = {isa = PBXBuildFile; fileRef = 57035EB9255BBF1200DB3A19 /* BeakerTicks.swift */; };
		57035EBF255BCF6E00DB3A19 /* BeakerBottomShape.swift in Sources */ = {isa = PBXBuildFile; fileRef = 57035EBE255BCF6D00DB3A19 /* BeakerBottomShape.swift */; };
		57035EC3255BD33A00DB3A19 /* MoleculeGridShape.swift in Sources */ = {isa = PBXBuildFile; fileRef = 57035EC2255BD33A00DB3A19 /* MoleculeGridShape.swift */; };
		57035EC8255BDB6B00DB3A19 /* GridCoordinate.swift in Sources */ = {isa = PBXBuildFile; fileRef = 57035EC7255BDB6B00DB3A19 /* GridCoordinate.swift */; };
		57035ECC255BDD7C00DB3A19 /* MoleculeGridSettings.swift in Sources */ = {isa = PBXBuildFile; fileRef = 57035ECB255BDD7C00DB3A19 /* MoleculeGridSettings.swift */; };
		57035ED4255BE09D00DB3A19 /* FilledBeaker.swift in Sources */ = {isa = PBXBuildFile; fileRef = 57035ED3255BE09D00DB3A19 /* FilledBeaker.swift */; };
		57035ED8255BF05100DB3A19 /* CustomSlider.swift in Sources */ = {isa = PBXBuildFile; fileRef = 57035ED7255BF05100DB3A19 /* CustomSlider.swift */; };
		57035EDC255BFDB400DB3A19 /* AxisPositionCalculations.swift in Sources */ = {isa = PBXBuildFile; fileRef = 57035EDB255BFDB400DB3A19 /* AxisPositionCalculations.swift */; };
		57035EE5255BFE5200DB3A19 /* sliderCalculationsTest.swift in Sources */ = {isa = PBXBuildFile; fileRef = 57035EE4255BFE5200DB3A19 /* sliderCalculationsTest.swift */; };
		57035EF1255C09B500DB3A19 /* Orientation.swift in Sources */ = {isa = PBXBuildFile; fileRef = 57035EF0255C09B500DB3A19 /* Orientation.swift */; };
		57035EF6255C1A0A00DB3A19 /* ZeroOrderReaction.swift in Sources */ = {isa = PBXBuildFile; fileRef = 57035EF5255C1A0A00DB3A19 /* ZeroOrderReaction.swift */; };
		57035EFD255C1A7000DB3A19 /* FirtOrderReactionModel.swift in Sources */ = {isa = PBXBuildFile; fileRef = 57035EFC255C1A7000DB3A19 /* FirtOrderReactionModel.swift */; };
		57035F0C255C26D000DB3A19 /* ChartAxisShape.swift in Sources */ = {isa = PBXBuildFile; fileRef = 57035F0B255C26D000DB3A19 /* ChartAxisShape.swift */; };
		57035F12255C29A500DB3A19 /* ConcentrationTimeChartView.swift in Sources */ = {isa = PBXBuildFile; fileRef = 57035F11255C29A500DB3A19 /* ConcentrationTimeChartView.swift */; };
		571B3C2F2563B9D10075358B /* FirstOrderStatements.swift in Sources */ = {isa = PBXBuildFile; fileRef = 571B3C2E2563B9D10075358B /* FirstOrderStatements.swift */; };
		571D6A40255A780700F4E635 /* AppDelegate.swift in Sources */ = {isa = PBXBuildFile; fileRef = 571D6A3F255A780700F4E635 /* AppDelegate.swift */; };
		571D6A42255A780700F4E635 /* SceneDelegate.swift in Sources */ = {isa = PBXBuildFile; fileRef = 571D6A41255A780700F4E635 /* SceneDelegate.swift */; };
		571D6A44255A780700F4E635 /* ContentView.swift in Sources */ = {isa = PBXBuildFile; fileRef = 571D6A43255A780700F4E635 /* ContentView.swift */; };
		571D6A46255A780900F4E635 /* Assets.xcassets in Resources */ = {isa = PBXBuildFile; fileRef = 571D6A45255A780900F4E635 /* Assets.xcassets */; };
		571D6A49255A780900F4E635 /* Preview Assets.xcassets in Resources */ = {isa = PBXBuildFile; fileRef = 571D6A48255A780900F4E635 /* Preview Assets.xcassets */; };
		571D6A4C255A780900F4E635 /* LaunchScreen.storyboard in Resources */ = {isa = PBXBuildFile; fileRef = 571D6A4A255A780900F4E635 /* LaunchScreen.storyboard */; };
		571D6A6A255AADDB00F4E635 /* SpeechBubble.swift in Sources */ = {isa = PBXBuildFile; fileRef = 571D6A69255AADDB00F4E635 /* SpeechBubble.swift */; };
		571D6A6F255AB25400F4E635 /* Styling.swift in Sources */ = {isa = PBXBuildFile; fileRef = 571D6A6E255AB25400F4E635 /* Styling.swift */; };
		571D6A76255AC27400F4E635 /* SpeechBubbleLine.swift in Sources */ = {isa = PBXBuildFile; fileRef = 571D6A75255AC27400F4E635 /* SpeechBubbleLine.swift */; };
		571D6A7C255AC75C00F4E635 /* BeakerShape.swift in Sources */ = {isa = PBXBuildFile; fileRef = 571D6A7B255AC75C00F4E635 /* BeakerShape.swift */; };
		571D6A81255AD40900F4E635 /* EmptyBeaker.swift in Sources */ = {isa = PBXBuildFile; fileRef = 571D6A80255AD40900F4E635 /* EmptyBeaker.swift */; };
		571F6E7C2560472200A1C45E /* BarChartGeometrySettings.swift in Sources */ = {isa = PBXBuildFile; fileRef = 571F6E7B2560472200A1C45E /* BarChartGeometrySettings.swift */; };
		571F6E812560483A00A1C45E /* BarChartBar.swift in Sources */ = {isa = PBXBuildFile; fileRef = 571F6E802560483A00A1C45E /* BarChartBar.swift */; };
		571F6E872560486400A1C45E /* BarChartAxis.swift in Sources */ = {isa = PBXBuildFile; fileRef = 571F6E862560486400A1C45E /* BarChartAxis.swift */; };
		572CB93E255C36DD0071C600 /* ConcentrationBarChart.swift in Sources */ = {isa = PBXBuildFile; fileRef = 572CB93D255C36DD0071C600 /* ConcentrationBarChart.swift */; };
		572CB944255C3BCF0071C600 /* ValueRange.swift in Sources */ = {isa = PBXBuildFile; fileRef = 572CB943255C3BCF0071C600 /* ValueRange.swift */; };
		572CB949255C412A0071C600 /* ZeroOrderReactionEquation.swift in Sources */ = {isa = PBXBuildFile; fileRef = 572CB948255C412A0071C600 /* ZeroOrderReactionEquation.swift */; };
		57AA05E72562F3750080C538 /* SliderIndicator.swift in Sources */ = {isa = PBXBuildFile; fileRef = 57AA05E62562F3750080C538 /* SliderIndicator.swift */; };
		57AA05EB2562F3910080C538 /* SpecificSliders.swift in Sources */ = {isa = PBXBuildFile; fileRef = 57AA05EA2562F3910080C538 /* SpecificSliders.swift */; };
		57B80CB7255EAD19006AF3E2 /* ConcentrationPlotView.swift in Sources */ = {isa = PBXBuildFile; fileRef = 57B80CB6255EAD19006AF3E2 /* ConcentrationPlotView.swift */; };
		57C3A8272563248F00EE753E /* FirstOrderReaction.swift in Sources */ = {isa = PBXBuildFile; fileRef = 57C3A8262563248F00EE753E /* FirstOrderReaction.swift */; };
		57F10981255E88CF00834783 /* ConcentrationEquationShape.swift in Sources */ = {isa = PBXBuildFile; fileRef = 57F10980255E88CE00834783 /* ConcentrationEquationShape.swift */; };
		57F10985255E985700834783 /* ConcentrationEquation.swift in Sources */ = {isa = PBXBuildFile; fileRef = 57F10984255E985700834783 /* ConcentrationEquation.swift */; };
		57F477422560FD440041D406 /* Beaky.swift in Sources */ = {isa = PBXBuildFile; fileRef = 57F477412560FD440041D406 /* Beaky.swift */; };
		57F477472560FF300041D406 /* NavButton.swift in Sources */ = {isa = PBXBuildFile; fileRef = 57F477462560FF300041D406 /* NavButton.swift */; };
		57F47750256105620041D406 /* ZeroOrderStatements.swift in Sources */ = {isa = PBXBuildFile; fileRef = 57F4774F256105620041D406 /* ZeroOrderStatements.swift */; };
		57F4775A25616F400041D406 /* BoundedSliderPositioning.swift in Sources */ = {isa = PBXBuildFile; fileRef = 57F4775925616F400041D406 /* BoundedSliderPositioning.swift */; };
		57F4776025617B240041D406 /* BoundedSliderPositioningTests.swift in Sources */ = {isa = PBXBuildFile; fileRef = 57F4775F25617B240041D406 /* BoundedSliderPositioningTests.swift */; };
		57FDA125255D5CFA00CB8804 /* EquationPlaceholderView.swift in Sources */ = {isa = PBXBuildFile; fileRef = 57FDA124255D5CFA00CB8804 /* EquationPlaceholderView.swift */; };
		57FDA129255D5DC500CB8804 /* EquationGeometrySettings.swift in Sources */ = {isa = PBXBuildFile; fileRef = 57FDA128255D5DC500CB8804 /* EquationGeometrySettings.swift */; };
		57FDA12E255D5E8800CB8804 /* ZeroOrderReactionHalftimeView.swift in Sources */ = {isa = PBXBuildFile; fileRef = 57FDA12D255D5E8800CB8804 /* ZeroOrderReactionHalftimeView.swift */; };
		57FDA135255D5EE300CB8804 /* SubscriptView.swift in Sources */ = {isa = PBXBuildFile; fileRef = 57FDA134255D5EE300CB8804 /* SubscriptView.swift */; };
		57FDA139255D6C5000CB8804 /* Extensions.swift in Sources */ = {isa = PBXBuildFile; fileRef = 57FDA138255D6C5000CB8804 /* Extensions.swift */; };
		57FDA13D255D6FC800CB8804 /* DualValueSlider.swift in Sources */ = {isa = PBXBuildFile; fileRef = 57FDA13C255D6FC800CB8804 /* DualValueSlider.swift */; };
		57FDA141255D81A200CB8804 /* TimeChartGeometrySettings.swift in Sources */ = {isa = PBXBuildFile; fileRef = 57FDA140255D81A200CB8804 /* TimeChartGeometrySettings.swift */; };
		57FDA145255D835600CB8804 /* BoundType.swift in Sources */ = {isa = PBXBuildFile; fileRef = 57FDA144255D835600CB8804 /* BoundType.swift */; };
		57FDA149255D8E6B00CB8804 /* ZeroOrderBeakyViewModel.swift in Sources */ = {isa = PBXBuildFile; fileRef = 57FDA148255D8E6B00CB8804 /* ZeroOrderBeakyViewModel.swift */; };
		57FDA14F255D924D00CB8804 /* speechBubbleLineGeneratorTests.swift in Sources */ = {isa = PBXBuildFile; fileRef = 57FDA14E255D924D00CB8804 /* speechBubbleLineGeneratorTests.swift */; };
/* End PBXBuildFile section */

/* Begin PBXContainerItemProxy section */
		57035EE7255BFE5200DB3A19 /* PBXContainerItemProxy */ = {
			isa = PBXContainerItemProxy;
			containerPortal = 571D6A34255A780700F4E635 /* Project object */;
			proxyType = 1;
			remoteGlobalIDString = 571D6A3B255A780700F4E635;
			remoteInfo = "reactions-app";
		};
/* End PBXContainerItemProxy section */

/* Begin PBXFileReference section */
		57035EB9255BBF1200DB3A19 /* BeakerTicks.swift */ = {isa = PBXFileReference; lastKnownFileType = sourcecode.swift; path = BeakerTicks.swift; sourceTree = "<group>"; };
		57035EBE255BCF6D00DB3A19 /* BeakerBottomShape.swift */ = {isa = PBXFileReference; lastKnownFileType = sourcecode.swift; path = BeakerBottomShape.swift; sourceTree = "<group>"; };
		57035EC2255BD33A00DB3A19 /* MoleculeGridShape.swift */ = {isa = PBXFileReference; lastKnownFileType = sourcecode.swift; path = MoleculeGridShape.swift; sourceTree = "<group>"; };
		57035EC7255BDB6B00DB3A19 /* GridCoordinate.swift */ = {isa = PBXFileReference; lastKnownFileType = sourcecode.swift; path = GridCoordinate.swift; sourceTree = "<group>"; };
		57035ECB255BDD7C00DB3A19 /* MoleculeGridSettings.swift */ = {isa = PBXFileReference; lastKnownFileType = sourcecode.swift; path = MoleculeGridSettings.swift; sourceTree = "<group>"; };
		57035ED3255BE09D00DB3A19 /* FilledBeaker.swift */ = {isa = PBXFileReference; lastKnownFileType = sourcecode.swift; path = FilledBeaker.swift; sourceTree = "<group>"; };
		57035ED7255BF05100DB3A19 /* CustomSlider.swift */ = {isa = PBXFileReference; lastKnownFileType = sourcecode.swift; path = CustomSlider.swift; sourceTree = "<group>"; };
		57035EDB255BFDB400DB3A19 /* AxisPositionCalculations.swift */ = {isa = PBXFileReference; lastKnownFileType = sourcecode.swift; path = AxisPositionCalculations.swift; sourceTree = "<group>"; };
		57035EE2255BFE5200DB3A19 /* reactions-appTests.xctest */ = {isa = PBXFileReference; explicitFileType = wrapper.cfbundle; includeInIndex = 0; path = "reactions-appTests.xctest"; sourceTree = BUILT_PRODUCTS_DIR; };
		57035EE4255BFE5200DB3A19 /* sliderCalculationsTest.swift */ = {isa = PBXFileReference; lastKnownFileType = sourcecode.swift; path = sliderCalculationsTest.swift; sourceTree = "<group>"; };
		57035EE6255BFE5200DB3A19 /* Info.plist */ = {isa = PBXFileReference; lastKnownFileType = text.plist.xml; path = Info.plist; sourceTree = "<group>"; };
		57035EF0255C09B500DB3A19 /* Orientation.swift */ = {isa = PBXFileReference; lastKnownFileType = sourcecode.swift; path = Orientation.swift; sourceTree = "<group>"; };
		57035EF5255C1A0A00DB3A19 /* ZeroOrderReaction.swift */ = {isa = PBXFileReference; lastKnownFileType = sourcecode.swift; path = ZeroOrderReaction.swift; sourceTree = "<group>"; };
		57035EFC255C1A7000DB3A19 /* FirtOrderReactionModel.swift */ = {isa = PBXFileReference; lastKnownFileType = sourcecode.swift; path = FirtOrderReactionModel.swift; sourceTree = "<group>"; };
		57035F0B255C26D000DB3A19 /* ChartAxisShape.swift */ = {isa = PBXFileReference; lastKnownFileType = sourcecode.swift; path = ChartAxisShape.swift; sourceTree = "<group>"; };
		57035F11255C29A500DB3A19 /* ConcentrationTimeChartView.swift */ = {isa = PBXFileReference; lastKnownFileType = sourcecode.swift; path = ConcentrationTimeChartView.swift; sourceTree = "<group>"; };
		571B3C2E2563B9D10075358B /* FirstOrderStatements.swift */ = {isa = PBXFileReference; lastKnownFileType = sourcecode.swift; path = FirstOrderStatements.swift; sourceTree = "<group>"; };
		571D6A3C255A780700F4E635 /* reactions-app.app */ = {isa = PBXFileReference; explicitFileType = wrapper.application; includeInIndex = 0; path = "reactions-app.app"; sourceTree = BUILT_PRODUCTS_DIR; };
		571D6A3F255A780700F4E635 /* AppDelegate.swift */ = {isa = PBXFileReference; lastKnownFileType = sourcecode.swift; path = AppDelegate.swift; sourceTree = "<group>"; };
		571D6A41255A780700F4E635 /* SceneDelegate.swift */ = {isa = PBXFileReference; lastKnownFileType = sourcecode.swift; path = SceneDelegate.swift; sourceTree = "<group>"; };
		571D6A43255A780700F4E635 /* ContentView.swift */ = {isa = PBXFileReference; lastKnownFileType = sourcecode.swift; path = ContentView.swift; sourceTree = "<group>"; };
		571D6A45255A780900F4E635 /* Assets.xcassets */ = {isa = PBXFileReference; lastKnownFileType = folder.assetcatalog; path = Assets.xcassets; sourceTree = "<group>"; };
		571D6A48255A780900F4E635 /* Preview Assets.xcassets */ = {isa = PBXFileReference; lastKnownFileType = folder.assetcatalog; path = "Preview Assets.xcassets"; sourceTree = "<group>"; };
		571D6A4B255A780900F4E635 /* Base */ = {isa = PBXFileReference; lastKnownFileType = file.storyboard; name = Base; path = Base.lproj/LaunchScreen.storyboard; sourceTree = "<group>"; };
		571D6A4D255A780900F4E635 /* Info.plist */ = {isa = PBXFileReference; lastKnownFileType = text.plist.xml; path = Info.plist; sourceTree = "<group>"; };
		571D6A69255AADDB00F4E635 /* SpeechBubble.swift */ = {isa = PBXFileReference; lastKnownFileType = sourcecode.swift; path = SpeechBubble.swift; sourceTree = "<group>"; };
		571D6A6E255AB25400F4E635 /* Styling.swift */ = {isa = PBXFileReference; lastKnownFileType = sourcecode.swift; path = Styling.swift; sourceTree = "<group>"; };
		571D6A75255AC27400F4E635 /* SpeechBubbleLine.swift */ = {isa = PBXFileReference; lastKnownFileType = sourcecode.swift; path = SpeechBubbleLine.swift; sourceTree = "<group>"; };
		571D6A7B255AC75C00F4E635 /* BeakerShape.swift */ = {isa = PBXFileReference; lastKnownFileType = sourcecode.swift; path = BeakerShape.swift; sourceTree = "<group>"; };
		571D6A80255AD40900F4E635 /* EmptyBeaker.swift */ = {isa = PBXFileReference; lastKnownFileType = sourcecode.swift; path = EmptyBeaker.swift; sourceTree = "<group>"; };
		571F6E7B2560472200A1C45E /* BarChartGeometrySettings.swift */ = {isa = PBXFileReference; lastKnownFileType = sourcecode.swift; path = BarChartGeometrySettings.swift; sourceTree = "<group>"; };
		571F6E802560483A00A1C45E /* BarChartBar.swift */ = {isa = PBXFileReference; lastKnownFileType = sourcecode.swift; path = BarChartBar.swift; sourceTree = "<group>"; };
		571F6E862560486400A1C45E /* BarChartAxis.swift */ = {isa = PBXFileReference; lastKnownFileType = sourcecode.swift; path = BarChartAxis.swift; sourceTree = "<group>"; };
		572CB93D255C36DD0071C600 /* ConcentrationBarChart.swift */ = {isa = PBXFileReference; lastKnownFileType = sourcecode.swift; path = ConcentrationBarChart.swift; sourceTree = "<group>"; };
		572CB943255C3BCF0071C600 /* ValueRange.swift */ = {isa = PBXFileReference; lastKnownFileType = sourcecode.swift; path = ValueRange.swift; sourceTree = "<group>"; };
		572CB948255C412A0071C600 /* ZeroOrderReactionEquation.swift */ = {isa = PBXFileReference; lastKnownFileType = sourcecode.swift; path = ZeroOrderReactionEquation.swift; sourceTree = "<group>"; };
		57AA05E62562F3750080C538 /* SliderIndicator.swift */ = {isa = PBXFileReference; lastKnownFileType = sourcecode.swift; path = SliderIndicator.swift; sourceTree = "<group>"; };
		57AA05EA2562F3910080C538 /* SpecificSliders.swift */ = {isa = PBXFileReference; lastKnownFileType = sourcecode.swift; path = SpecificSliders.swift; sourceTree = "<group>"; };
		57B80CB6255EAD19006AF3E2 /* ConcentrationPlotView.swift */ = {isa = PBXFileReference; lastKnownFileType = sourcecode.swift; path = ConcentrationPlotView.swift; sourceTree = "<group>"; };
		57C3A8262563248F00EE753E /* FirstOrderReaction.swift */ = {isa = PBXFileReference; lastKnownFileType = sourcecode.swift; path = FirstOrderReaction.swift; sourceTree = "<group>"; };
		57F10980255E88CE00834783 /* ConcentrationEquationShape.swift */ = {isa = PBXFileReference; lastKnownFileType = sourcecode.swift; path = ConcentrationEquationShape.swift; sourceTree = "<group>"; };
		57F10984255E985700834783 /* ConcentrationEquation.swift */ = {isa = PBXFileReference; lastKnownFileType = sourcecode.swift; path = ConcentrationEquation.swift; sourceTree = "<group>"; };
		57F477412560FD440041D406 /* Beaky.swift */ = {isa = PBXFileReference; lastKnownFileType = sourcecode.swift; path = Beaky.swift; sourceTree = "<group>"; };
		57F477462560FF300041D406 /* NavButton.swift */ = {isa = PBXFileReference; lastKnownFileType = sourcecode.swift; path = NavButton.swift; sourceTree = "<group>"; };
		57F4774F256105620041D406 /* ZeroOrderStatements.swift */ = {isa = PBXFileReference; lastKnownFileType = sourcecode.swift; path = ZeroOrderStatements.swift; sourceTree = "<group>"; };
		57F4775925616F400041D406 /* BoundedSliderPositioning.swift */ = {isa = PBXFileReference; lastKnownFileType = sourcecode.swift; path = BoundedSliderPositioning.swift; sourceTree = "<group>"; };
		57F4775F25617B240041D406 /* BoundedSliderPositioningTests.swift */ = {isa = PBXFileReference; lastKnownFileType = sourcecode.swift; path = BoundedSliderPositioningTests.swift; sourceTree = "<group>"; };
		57FDA124255D5CFA00CB8804 /* EquationPlaceholderView.swift */ = {isa = PBXFileReference; lastKnownFileType = sourcecode.swift; path = EquationPlaceholderView.swift; sourceTree = "<group>"; };
		57FDA128255D5DC500CB8804 /* EquationGeometrySettings.swift */ = {isa = PBXFileReference; lastKnownFileType = sourcecode.swift; path = EquationGeometrySettings.swift; sourceTree = "<group>"; };
		57FDA12D255D5E8800CB8804 /* ZeroOrderReactionHalftimeView.swift */ = {isa = PBXFileReference; lastKnownFileType = sourcecode.swift; path = ZeroOrderReactionHalftimeView.swift; sourceTree = "<group>"; };
		57FDA134255D5EE300CB8804 /* SubscriptView.swift */ = {isa = PBXFileReference; lastKnownFileType = sourcecode.swift; path = SubscriptView.swift; sourceTree = "<group>"; };
		57FDA138255D6C5000CB8804 /* Extensions.swift */ = {isa = PBXFileReference; lastKnownFileType = sourcecode.swift; path = Extensions.swift; sourceTree = "<group>"; };
		57FDA13C255D6FC800CB8804 /* DualValueSlider.swift */ = {isa = PBXFileReference; lastKnownFileType = sourcecode.swift; path = DualValueSlider.swift; sourceTree = "<group>"; };
		57FDA140255D81A200CB8804 /* TimeChartGeometrySettings.swift */ = {isa = PBXFileReference; lastKnownFileType = sourcecode.swift; path = TimeChartGeometrySettings.swift; sourceTree = "<group>"; };
		57FDA144255D835600CB8804 /* BoundType.swift */ = {isa = PBXFileReference; lastKnownFileType = sourcecode.swift; path = BoundType.swift; sourceTree = "<group>"; };
		57FDA148255D8E6B00CB8804 /* ZeroOrderBeakyViewModel.swift */ = {isa = PBXFileReference; lastKnownFileType = sourcecode.swift; path = ZeroOrderBeakyViewModel.swift; sourceTree = "<group>"; };
		57FDA14E255D924D00CB8804 /* speechBubbleLineGeneratorTests.swift */ = {isa = PBXFileReference; lastKnownFileType = sourcecode.swift; path = speechBubbleLineGeneratorTests.swift; sourceTree = "<group>"; };
/* End PBXFileReference section */

/* Begin PBXFrameworksBuildPhase section */
		57035EDF255BFE5200DB3A19 /* Frameworks */ = {
			isa = PBXFrameworksBuildPhase;
			buildActionMask = 2147483647;
			files = (
			);
			runOnlyForDeploymentPostprocessing = 0;
		};
		571D6A39255A780700F4E635 /* Frameworks */ = {
			isa = PBXFrameworksBuildPhase;
			buildActionMask = 2147483647;
			files = (
			);
			runOnlyForDeploymentPostprocessing = 0;
		};
/* End PBXFrameworksBuildPhase section */

/* Begin PBXGroup section */
		57035ED6255BF03300DB3A19 /* slider */ = {
			isa = PBXGroup;
			children = (
				57035ED7255BF05100DB3A19 /* CustomSlider.swift */,
				57FDA13C255D6FC800CB8804 /* DualValueSlider.swift */,
				57AA05E62562F3750080C538 /* SliderIndicator.swift */,
				57AA05EA2562F3910080C538 /* SpecificSliders.swift */,
			);
			path = slider;
			sourceTree = "<group>";
		};
		57035EE3255BFE5200DB3A19 /* reactions-appTests */ = {
			isa = PBXGroup;
			children = (
				57035EE4255BFE5200DB3A19 /* sliderCalculationsTest.swift */,
				57035EE6255BFE5200DB3A19 /* Info.plist */,
				57FDA14E255D924D00CB8804 /* speechBubbleLineGeneratorTests.swift */,
				57F4775F25617B240041D406 /* BoundedSliderPositioningTests.swift */,
			);
			path = "reactions-appTests";
			sourceTree = "<group>";
		};
		57035EF4255C19EC00DB3A19 /* zero-order-reaction */ = {
			isa = PBXGroup;
			children = (
				57035EF5255C1A0A00DB3A19 /* ZeroOrderReaction.swift */,
				57C3A8262563248F00EE753E /* FirstOrderReaction.swift */,
			);
			path = "zero-order-reaction";
			sourceTree = "<group>";
		};
		57035EFB255C1A2700DB3A19 /* viewmodels */ = {
			isa = PBXGroup;
			children = (
				57035EFC255C1A7000DB3A19 /* FirtOrderReactionModel.swift */,
				57FDA148255D8E6B00CB8804 /* ZeroOrderBeakyViewModel.swift */,
			);
			path = viewmodels;
			sourceTree = "<group>";
		};
		57035F0A255C26B700DB3A19 /* charts */ = {
			isa = PBXGroup;
			children = (
				572CB93C255C36BA0071C600 /* barchart */,
				572CB93B255C36B00071C600 /* timechart */,
			);
			path = charts;
			sourceTree = "<group>";
		};
		571D6A33255A780700F4E635 = {
			isa = PBXGroup;
			children = (
				571D6A3E255A780700F4E635 /* reactions-app */,
				57035EE3255BFE5200DB3A19 /* reactions-appTests */,
				571D6A3D255A780700F4E635 /* Products */,
			);
			sourceTree = "<group>";
		};
		571D6A3D255A780700F4E635 /* Products */ = {
			isa = PBXGroup;
			children = (
				571D6A3C255A780700F4E635 /* reactions-app.app */,
				57035EE2255BFE5200DB3A19 /* reactions-appTests.xctest */,
			);
			name = Products;
			sourceTree = "<group>";
		};
		571D6A3E255A780700F4E635 /* reactions-app */ = {
			isa = PBXGroup;
			children = (
				57035EFB255C1A2700DB3A19 /* viewmodels */,
				571D6A6C255AB23D00F4E635 /* model */,
				571D6A55255AAC0900F4E635 /* view */,
				571D6A3F255A780700F4E635 /* AppDelegate.swift */,
				571D6A41255A780700F4E635 /* SceneDelegate.swift */,
				571D6A43255A780700F4E635 /* ContentView.swift */,
				571D6A45255A780900F4E635 /* Assets.xcassets */,
				571D6A4A255A780900F4E635 /* LaunchScreen.storyboard */,
				571D6A4D255A780900F4E635 /* Info.plist */,
				571D6A47255A780900F4E635 /* Preview Content */,
			);
			path = "reactions-app";
			sourceTree = "<group>";
		};
		571D6A47255A780900F4E635 /* Preview Content */ = {
			isa = PBXGroup;
			children = (
				571D6A48255A780900F4E635 /* Preview Assets.xcassets */,
			);
			path = "Preview Content";
			sourceTree = "<group>";
		};
		571D6A55255AAC0900F4E635 /* view */ = {
			isa = PBXGroup;
			children = (
				572CB947255C411F0071C600 /* equations */,
				57035F0A255C26B700DB3A19 /* charts */,
				57035EF4255C19EC00DB3A19 /* zero-order-reaction */,
				57035ED6255BF03300DB3A19 /* slider */,
				571D6A7A255AC75000F4E635 /* beaker */,
				571D6A56255AAC0F00F4E635 /* speech-bubble */,
				57F477412560FD440041D406 /* Beaky.swift */,
				57F477462560FF300041D406 /* NavButton.swift */,
			);
			path = view;
			sourceTree = "<group>";
		};
		571D6A56255AAC0F00F4E635 /* speech-bubble */ = {
			isa = PBXGroup;
			children = (
				571D6A69255AADDB00F4E635 /* SpeechBubble.swift */,
			);
			path = "speech-bubble";
			sourceTree = "<group>";
		};
		571D6A6C255AB23D00F4E635 /* model */ = {
			isa = PBXGroup;
			children = (
				57F4774E256105430041D406 /* statements */,
				571D6A6D255AB24300F4E635 /* styling */,
				57035EC7255BDB6B00DB3A19 /* GridCoordinate.swift */,
				57035EDB255BFDB400DB3A19 /* AxisPositionCalculations.swift */,
				57035EF0255C09B500DB3A19 /* Orientation.swift */,
				572CB943255C3BCF0071C600 /* ValueRange.swift */,
				57FDA138255D6C5000CB8804 /* Extensions.swift */,
				57FDA144255D835600CB8804 /* BoundType.swift */,
				57F10984255E985700834783 /* ConcentrationEquation.swift */,
				57F4775925616F400041D406 /* BoundedSliderPositioning.swift */,
			);
			path = model;
			sourceTree = "<group>";
		};
		571D6A6D255AB24300F4E635 /* styling */ = {
			isa = PBXGroup;
			children = (
				571D6A6E255AB25400F4E635 /* Styling.swift */,
			);
			path = styling;
			sourceTree = "<group>";
		};
		571D6A7A255AC75000F4E635 /* beaker */ = {
			isa = PBXGroup;
			children = (
				571D6A7B255AC75C00F4E635 /* BeakerShape.swift */,
				571D6A80255AD40900F4E635 /* EmptyBeaker.swift */,
				57035EB9255BBF1200DB3A19 /* BeakerTicks.swift */,
				57035EBE255BCF6D00DB3A19 /* BeakerBottomShape.swift */,
				57035EC2255BD33A00DB3A19 /* MoleculeGridShape.swift */,
				57035ECB255BDD7C00DB3A19 /* MoleculeGridSettings.swift */,
				57035ED3255BE09D00DB3A19 /* FilledBeaker.swift */,
			);
			path = beaker;
			sourceTree = "<group>";
		};
		571F6E7F2560482700A1C45E /* shapes */ = {
			isa = PBXGroup;
			children = (
				571F6E802560483A00A1C45E /* BarChartBar.swift */,
				571F6E862560486400A1C45E /* BarChartAxis.swift */,
			);
			path = shapes;
			sourceTree = "<group>";
		};
		572CB93B255C36B00071C600 /* timechart */ = {
			isa = PBXGroup;
			children = (
				57976928255EBFE300CD7FD3 /* shapes */,
				57035F11255C29A500DB3A19 /* ConcentrationTimeChartView.swift */,
				57FDA140255D81A200CB8804 /* TimeChartGeometrySettings.swift */,
				57B80CB6255EAD19006AF3E2 /* ConcentrationPlotView.swift */,
			);
			path = timechart;
			sourceTree = "<group>";
		};
		572CB93C255C36BA0071C600 /* barchart */ = {
			isa = PBXGroup;
			children = (
				571F6E7F2560482700A1C45E /* shapes */,
				572CB93D255C36DD0071C600 /* ConcentrationBarChart.swift */,
				571F6E7B2560472200A1C45E /* BarChartGeometrySettings.swift */,
			);
			path = barchart;
			sourceTree = "<group>";
		};
		572CB947255C411F0071C600 /* equations */ = {
			isa = PBXGroup;
			children = (
				57FDA133255D5ED700CB8804 /* util */,
				57FDA12C255D5E7500CB8804 /* zero-order */,
			);
			path = equations;
			sourceTree = "<group>";
		};
		57976928255EBFE300CD7FD3 /* shapes */ = {
			isa = PBXGroup;
			children = (
				57F10980255E88CE00834783 /* ConcentrationEquationShape.swift */,
				57035F0B255C26D000DB3A19 /* ChartAxisShape.swift */,
			);
			path = shapes;
			sourceTree = "<group>";
		};
		57F4774E256105430041D406 /* statements */ = {
			isa = PBXGroup;
			children = (
				571D6A75255AC27400F4E635 /* SpeechBubbleLine.swift */,
				57F4774F256105620041D406 /* ZeroOrderStatements.swift */,
				571B3C2E2563B9D10075358B /* FirstOrderStatements.swift */,
			);
			path = statements;
			sourceTree = "<group>";
		};
		57FDA12C255D5E7500CB8804 /* zero-order */ = {
			isa = PBXGroup;
			children = (
				572CB948255C412A0071C600 /* ZeroOrderReactionEquation.swift */,
				57FDA12D255D5E8800CB8804 /* ZeroOrderReactionHalftimeView.swift */,
			);
			path = "zero-order";
			sourceTree = "<group>";
		};
		57FDA133255D5ED700CB8804 /* util */ = {
			isa = PBXGroup;
			children = (
				57FDA124255D5CFA00CB8804 /* EquationPlaceholderView.swift */,
				57FDA128255D5DC500CB8804 /* EquationGeometrySettings.swift */,
				57FDA134255D5EE300CB8804 /* SubscriptView.swift */,
			);
			path = util;
			sourceTree = "<group>";
		};
/* End PBXGroup section */

/* Begin PBXNativeTarget section */
		57035EE1255BFE5200DB3A19 /* reactions-appTests */ = {
			isa = PBXNativeTarget;
			buildConfigurationList = 57035EE9255BFE5200DB3A19 /* Build configuration list for PBXNativeTarget "reactions-appTests" */;
			buildPhases = (
				57035EDE255BFE5200DB3A19 /* Sources */,
				57035EDF255BFE5200DB3A19 /* Frameworks */,
				57035EE0255BFE5200DB3A19 /* Resources */,
			);
			buildRules = (
			);
			dependencies = (
				57035EE8255BFE5200DB3A19 /* PBXTargetDependency */,
			);
			name = "reactions-appTests";
			productName = "reactions-appTests";
			productReference = 57035EE2255BFE5200DB3A19 /* reactions-appTests.xctest */;
			productType = "com.apple.product-type.bundle.unit-test";
		};
		571D6A3B255A780700F4E635 /* reactions-app */ = {
			isa = PBXNativeTarget;
			buildConfigurationList = 571D6A50255A780900F4E635 /* Build configuration list for PBXNativeTarget "reactions-app" */;
			buildPhases = (
				571D6A38255A780700F4E635 /* Sources */,
				571D6A39255A780700F4E635 /* Frameworks */,
				571D6A3A255A780700F4E635 /* Resources */,
			);
			buildRules = (
			);
			dependencies = (
			);
			name = "reactions-app";
			productName = "reactions-app";
			productReference = 571D6A3C255A780700F4E635 /* reactions-app.app */;
			productType = "com.apple.product-type.application";
		};
/* End PBXNativeTarget section */

/* Begin PBXProject section */
		571D6A34255A780700F4E635 /* Project object */ = {
			isa = PBXProject;
			attributes = {
				LastSwiftUpdateCheck = 1210;
				LastUpgradeCheck = 1210;
				TargetAttributes = {
					57035EE1255BFE5200DB3A19 = {
						CreatedOnToolsVersion = 12.1;
						TestTargetID = 571D6A3B255A780700F4E635;
					};
					571D6A3B255A780700F4E635 = {
						CreatedOnToolsVersion = 12.1;
					};
				};
			};
			buildConfigurationList = 571D6A37255A780700F4E635 /* Build configuration list for PBXProject "reactions-app" */;
			compatibilityVersion = "Xcode 9.3";
			developmentRegion = en;
			hasScannedForEncodings = 0;
			knownRegions = (
				en,
				Base,
			);
			mainGroup = 571D6A33255A780700F4E635;
			productRefGroup = 571D6A3D255A780700F4E635 /* Products */;
			projectDirPath = "";
			projectRoot = "";
			targets = (
				571D6A3B255A780700F4E635 /* reactions-app */,
				57035EE1255BFE5200DB3A19 /* reactions-appTests */,
			);
		};
/* End PBXProject section */

/* Begin PBXResourcesBuildPhase section */
		57035EE0255BFE5200DB3A19 /* Resources */ = {
			isa = PBXResourcesBuildPhase;
			buildActionMask = 2147483647;
			files = (
			);
			runOnlyForDeploymentPostprocessing = 0;
		};
		571D6A3A255A780700F4E635 /* Resources */ = {
			isa = PBXResourcesBuildPhase;
			buildActionMask = 2147483647;
			files = (
				571D6A4C255A780900F4E635 /* LaunchScreen.storyboard in Resources */,
				571D6A49255A780900F4E635 /* Preview Assets.xcassets in Resources */,
				571D6A46255A780900F4E635 /* Assets.xcassets in Resources */,
			);
			runOnlyForDeploymentPostprocessing = 0;
		};
/* End PBXResourcesBuildPhase section */

/* Begin PBXSourcesBuildPhase section */
		57035EDE255BFE5200DB3A19 /* Sources */ = {
			isa = PBXSourcesBuildPhase;
			buildActionMask = 2147483647;
			files = (
				57F4776025617B240041D406 /* BoundedSliderPositioningTests.swift in Sources */,
				57035EE5255BFE5200DB3A19 /* sliderCalculationsTest.swift in Sources */,
				57FDA14F255D924D00CB8804 /* speechBubbleLineGeneratorTests.swift in Sources */,
			);
			runOnlyForDeploymentPostprocessing = 0;
		};
		571D6A38255A780700F4E635 /* Sources */ = {
			isa = PBXSourcesBuildPhase;
			buildActionMask = 2147483647;
			files = (
				57FDA135255D5EE300CB8804 /* SubscriptView.swift in Sources */,
				571D6A76255AC27400F4E635 /* SpeechBubbleLine.swift in Sources */,
				57F477422560FD440041D406 /* Beaky.swift in Sources */,
				57035ED8255BF05100DB3A19 /* CustomSlider.swift in Sources */,
				57F47750256105620041D406 /* ZeroOrderStatements.swift in Sources */,
				571D6A6F255AB25400F4E635 /* Styling.swift in Sources */,
				571F6E812560483A00A1C45E /* BarChartBar.swift in Sources */,
				57FDA145255D835600CB8804 /* BoundType.swift in Sources */,
				571F6E872560486400A1C45E /* BarChartAxis.swift in Sources */,
				57035EBA255BBF1200DB3A19 /* BeakerTicks.swift in Sources */,
				57035EC3255BD33A00DB3A19 /* MoleculeGridShape.swift in Sources */,
				571D6A40255A780700F4E635 /* AppDelegate.swift in Sources */,
				571F6E7C2560472200A1C45E /* BarChartGeometrySettings.swift in Sources */,
				57FDA139255D6C5000CB8804 /* Extensions.swift in Sources */,
				571D6A7C255AC75C00F4E635 /* BeakerShape.swift in Sources */,
				571D6A6A255AADDB00F4E635 /* SpeechBubble.swift in Sources */,
				57FDA129255D5DC500CB8804 /* EquationGeometrySettings.swift in Sources */,
				57035EDC255BFDB400DB3A19 /* AxisPositionCalculations.swift in Sources */,
				57035EBF255BCF6E00DB3A19 /* BeakerBottomShape.swift in Sources */,
				57F4775A25616F400041D406 /* BoundedSliderPositioning.swift in Sources */,
				57FDA125255D5CFA00CB8804 /* EquationPlaceholderView.swift in Sources */,
				57035F12255C29A500DB3A19 /* ConcentrationTimeChartView.swift in Sources */,
				571D6A81255AD40900F4E635 /* EmptyBeaker.swift in Sources */,
				57FDA141255D81A200CB8804 /* TimeChartGeometrySettings.swift in Sources */,
				57FDA13D255D6FC800CB8804 /* DualValueSlider.swift in Sources */,
				57FDA149255D8E6B00CB8804 /* ZeroOrderBeakyViewModel.swift in Sources */,
				57C3A8272563248F00EE753E /* FirstOrderReaction.swift in Sources */,
				572CB944255C3BCF0071C600 /* ValueRange.swift in Sources */,
				57B80CB7255EAD19006AF3E2 /* ConcentrationPlotView.swift in Sources */,
				57035EF6255C1A0A00DB3A19 /* ZeroOrderReaction.swift in Sources */,
				57F10981255E88CF00834783 /* ConcentrationEquationShape.swift in Sources */,
				57AA05EB2562F3910080C538 /* SpecificSliders.swift in Sources */,
				572CB93E255C36DD0071C600 /* ConcentrationBarChart.swift in Sources */,
				571D6A42255A780700F4E635 /* SceneDelegate.swift in Sources */,
				57AA05E72562F3750080C538 /* SliderIndicator.swift in Sources */,
				571B3C2F2563B9D10075358B /* FirstOrderStatements.swift in Sources */,
				571D6A44255A780700F4E635 /* ContentView.swift in Sources */,
				57035EF1255C09B500DB3A19 /* Orientation.swift in Sources */,
				57035F0C255C26D000DB3A19 /* ChartAxisShape.swift in Sources */,
				57F477472560FF300041D406 /* NavButton.swift in Sources */,
				57035ECC255BDD7C00DB3A19 /* MoleculeGridSettings.swift in Sources */,
				57035EC8255BDB6B00DB3A19 /* GridCoordinate.swift in Sources */,
				57035EFD255C1A7000DB3A19 /* FirtOrderReactionModel.swift in Sources */,
				57F10985255E985700834783 /* ConcentrationEquation.swift in Sources */,
				57FDA12E255D5E8800CB8804 /* ZeroOrderReactionHalftimeView.swift in Sources */,
				57035ED4255BE09D00DB3A19 /* FilledBeaker.swift in Sources */,
				572CB949255C412A0071C600 /* ZeroOrderReactionEquation.swift in Sources */,
			);
			runOnlyForDeploymentPostprocessing = 0;
		};
/* End PBXSourcesBuildPhase section */

/* Begin PBXTargetDependency section */
		57035EE8255BFE5200DB3A19 /* PBXTargetDependency */ = {
			isa = PBXTargetDependency;
			target = 571D6A3B255A780700F4E635 /* reactions-app */;
			targetProxy = 57035EE7255BFE5200DB3A19 /* PBXContainerItemProxy */;
		};
/* End PBXTargetDependency section */

/* Begin PBXVariantGroup section */
		571D6A4A255A780900F4E635 /* LaunchScreen.storyboard */ = {
			isa = PBXVariantGroup;
			children = (
				571D6A4B255A780900F4E635 /* Base */,
			);
			name = LaunchScreen.storyboard;
			sourceTree = "<group>";
		};
/* End PBXVariantGroup section */

/* Begin XCBuildConfiguration section */
		57035EEA255BFE5200DB3A19 /* Debug */ = {
			isa = XCBuildConfiguration;
			buildSettings = {
				BUNDLE_LOADER = "$(TEST_HOST)";
				CODE_SIGN_STYLE = Automatic;
				DEVELOPMENT_TEAM = 7H845U3D2J;
				INFOPLIST_FILE = "reactions-appTests/Info.plist";
				LD_RUNPATH_SEARCH_PATHS = (
					"$(inherited)",
					"@executable_path/Frameworks",
					"@loader_path/Frameworks",
				);
				PRODUCT_BUNDLE_IDENTIFIER = "reactionsapp.reactions-appTests";
				PRODUCT_NAME = "$(TARGET_NAME)";
				SWIFT_VERSION = 5.0;
				TARGETED_DEVICE_FAMILY = "1,2";
				TEST_HOST = "$(BUILT_PRODUCTS_DIR)/reactions-app.app/reactions-app";
			};
			name = Debug;
		};
		57035EEB255BFE5200DB3A19 /* Release */ = {
			isa = XCBuildConfiguration;
			buildSettings = {
				BUNDLE_LOADER = "$(TEST_HOST)";
				CODE_SIGN_STYLE = Automatic;
				DEVELOPMENT_TEAM = 7H845U3D2J;
				INFOPLIST_FILE = "reactions-appTests/Info.plist";
				LD_RUNPATH_SEARCH_PATHS = (
					"$(inherited)",
					"@executable_path/Frameworks",
					"@loader_path/Frameworks",
				);
				PRODUCT_BUNDLE_IDENTIFIER = "reactionsapp.reactions-appTests";
				PRODUCT_NAME = "$(TARGET_NAME)";
				SWIFT_VERSION = 5.0;
				TARGETED_DEVICE_FAMILY = "1,2";
				TEST_HOST = "$(BUILT_PRODUCTS_DIR)/reactions-app.app/reactions-app";
			};
			name = Release;
		};
		571D6A4E255A780900F4E635 /* Debug */ = {
			isa = XCBuildConfiguration;
			buildSettings = {
				ALWAYS_SEARCH_USER_PATHS = NO;
				CLANG_ANALYZER_NONNULL = YES;
				CLANG_ANALYZER_NUMBER_OBJECT_CONVERSION = YES_AGGRESSIVE;
				CLANG_CXX_LANGUAGE_STANDARD = "gnu++14";
				CLANG_CXX_LIBRARY = "libc++";
				CLANG_ENABLE_MODULES = YES;
				CLANG_ENABLE_OBJC_ARC = YES;
				CLANG_ENABLE_OBJC_WEAK = YES;
				CLANG_WARN_BLOCK_CAPTURE_AUTORELEASING = YES;
				CLANG_WARN_BOOL_CONVERSION = YES;
				CLANG_WARN_COMMA = YES;
				CLANG_WARN_CONSTANT_CONVERSION = YES;
				CLANG_WARN_DEPRECATED_OBJC_IMPLEMENTATIONS = YES;
				CLANG_WARN_DIRECT_OBJC_ISA_USAGE = YES_ERROR;
				CLANG_WARN_DOCUMENTATION_COMMENTS = YES;
				CLANG_WARN_EMPTY_BODY = YES;
				CLANG_WARN_ENUM_CONVERSION = YES;
				CLANG_WARN_INFINITE_RECURSION = YES;
				CLANG_WARN_INT_CONVERSION = YES;
				CLANG_WARN_NON_LITERAL_NULL_CONVERSION = YES;
				CLANG_WARN_OBJC_IMPLICIT_RETAIN_SELF = YES;
				CLANG_WARN_OBJC_LITERAL_CONVERSION = YES;
				CLANG_WARN_OBJC_ROOT_CLASS = YES_ERROR;
				CLANG_WARN_QUOTED_INCLUDE_IN_FRAMEWORK_HEADER = YES;
				CLANG_WARN_RANGE_LOOP_ANALYSIS = YES;
				CLANG_WARN_STRICT_PROTOTYPES = YES;
				CLANG_WARN_SUSPICIOUS_MOVE = YES;
				CLANG_WARN_UNGUARDED_AVAILABILITY = YES_AGGRESSIVE;
				CLANG_WARN_UNREACHABLE_CODE = YES;
				CLANG_WARN__DUPLICATE_METHOD_MATCH = YES;
				COPY_PHASE_STRIP = NO;
				DEBUG_INFORMATION_FORMAT = dwarf;
				ENABLE_STRICT_OBJC_MSGSEND = YES;
				ENABLE_TESTABILITY = YES;
				GCC_C_LANGUAGE_STANDARD = gnu11;
				GCC_DYNAMIC_NO_PIC = NO;
				GCC_NO_COMMON_BLOCKS = YES;
				GCC_OPTIMIZATION_LEVEL = 0;
				GCC_PREPROCESSOR_DEFINITIONS = (
					"DEBUG=1",
					"$(inherited)",
				);
				GCC_WARN_64_TO_32_BIT_CONVERSION = YES;
				GCC_WARN_ABOUT_RETURN_TYPE = YES_ERROR;
				GCC_WARN_UNDECLARED_SELECTOR = YES;
				GCC_WARN_UNINITIALIZED_AUTOS = YES_AGGRESSIVE;
				GCC_WARN_UNUSED_FUNCTION = YES;
				GCC_WARN_UNUSED_VARIABLE = YES;
				IPHONEOS_DEPLOYMENT_TARGET = 14.1;
				MTL_ENABLE_DEBUG_INFO = INCLUDE_SOURCE;
				MTL_FAST_MATH = YES;
				ONLY_ACTIVE_ARCH = YES;
				SDKROOT = iphoneos;
				SWIFT_ACTIVE_COMPILATION_CONDITIONS = DEBUG;
				SWIFT_OPTIMIZATION_LEVEL = "-Onone";
			};
			name = Debug;
		};
		571D6A4F255A780900F4E635 /* Release */ = {
			isa = XCBuildConfiguration;
			buildSettings = {
				ALWAYS_SEARCH_USER_PATHS = NO;
				CLANG_ANALYZER_NONNULL = YES;
				CLANG_ANALYZER_NUMBER_OBJECT_CONVERSION = YES_AGGRESSIVE;
				CLANG_CXX_LANGUAGE_STANDARD = "gnu++14";
				CLANG_CXX_LIBRARY = "libc++";
				CLANG_ENABLE_MODULES = YES;
				CLANG_ENABLE_OBJC_ARC = YES;
				CLANG_ENABLE_OBJC_WEAK = YES;
				CLANG_WARN_BLOCK_CAPTURE_AUTORELEASING = YES;
				CLANG_WARN_BOOL_CONVERSION = YES;
				CLANG_WARN_COMMA = YES;
				CLANG_WARN_CONSTANT_CONVERSION = YES;
				CLANG_WARN_DEPRECATED_OBJC_IMPLEMENTATIONS = YES;
				CLANG_WARN_DIRECT_OBJC_ISA_USAGE = YES_ERROR;
				CLANG_WARN_DOCUMENTATION_COMMENTS = YES;
				CLANG_WARN_EMPTY_BODY = YES;
				CLANG_WARN_ENUM_CONVERSION = YES;
				CLANG_WARN_INFINITE_RECURSION = YES;
				CLANG_WARN_INT_CONVERSION = YES;
				CLANG_WARN_NON_LITERAL_NULL_CONVERSION = YES;
				CLANG_WARN_OBJC_IMPLICIT_RETAIN_SELF = YES;
				CLANG_WARN_OBJC_LITERAL_CONVERSION = YES;
				CLANG_WARN_OBJC_ROOT_CLASS = YES_ERROR;
				CLANG_WARN_QUOTED_INCLUDE_IN_FRAMEWORK_HEADER = YES;
				CLANG_WARN_RANGE_LOOP_ANALYSIS = YES;
				CLANG_WARN_STRICT_PROTOTYPES = YES;
				CLANG_WARN_SUSPICIOUS_MOVE = YES;
				CLANG_WARN_UNGUARDED_AVAILABILITY = YES_AGGRESSIVE;
				CLANG_WARN_UNREACHABLE_CODE = YES;
				CLANG_WARN__DUPLICATE_METHOD_MATCH = YES;
				COPY_PHASE_STRIP = NO;
				DEBUG_INFORMATION_FORMAT = "dwarf-with-dsym";
				ENABLE_NS_ASSERTIONS = NO;
				ENABLE_STRICT_OBJC_MSGSEND = YES;
				GCC_C_LANGUAGE_STANDARD = gnu11;
				GCC_NO_COMMON_BLOCKS = YES;
				GCC_WARN_64_TO_32_BIT_CONVERSION = YES;
				GCC_WARN_ABOUT_RETURN_TYPE = YES_ERROR;
				GCC_WARN_UNDECLARED_SELECTOR = YES;
				GCC_WARN_UNINITIALIZED_AUTOS = YES_AGGRESSIVE;
				GCC_WARN_UNUSED_FUNCTION = YES;
				GCC_WARN_UNUSED_VARIABLE = YES;
				IPHONEOS_DEPLOYMENT_TARGET = 14.1;
				MTL_ENABLE_DEBUG_INFO = NO;
				MTL_FAST_MATH = YES;
				SDKROOT = iphoneos;
				SWIFT_COMPILATION_MODE = wholemodule;
				SWIFT_OPTIMIZATION_LEVEL = "-O";
				VALIDATE_PRODUCT = YES;
			};
			name = Release;
		};
		571D6A51255A780900F4E635 /* Debug */ = {
			isa = XCBuildConfiguration;
			buildSettings = {
				ASSETCATALOG_COMPILER_APPICON_NAME = AppIcon;
				ASSETCATALOG_COMPILER_GLOBAL_ACCENT_COLOR_NAME = AccentColor;
				CODE_SIGN_IDENTITY = "Apple Development";
				CODE_SIGN_STYLE = Automatic;
				CURRENT_PROJECT_VERSION = 1;
				DEVELOPMENT_ASSET_PATHS = "\"reactions-app/Preview Content\"";
				DEVELOPMENT_TEAM = 7H845U3D2J;
				ENABLE_PREVIEWS = YES;
				INFOPLIST_FILE = "reactions-app/Info.plist";
				IPHONEOS_DEPLOYMENT_TARGET = 13.2;
				LD_RUNPATH_SEARCH_PATHS = (
					"$(inherited)",
					"@executable_path/Frameworks",
				);
				MARKETING_VERSION = 1.0.2;
				PRODUCT_BUNDLE_IDENTIFIER = com.reaction.rate;
				PRODUCT_NAME = "$(TARGET_NAME)";
				PROVISIONING_PROFILE_SPECIFIER = "";
				SWIFT_VERSION = 5.0;
				TARGETED_DEVICE_FAMILY = "1,2";
			};
			name = Debug;
		};
		571D6A52255A780900F4E635 /* Release */ = {
			isa = XCBuildConfiguration;
			buildSettings = {
				ASSETCATALOG_COMPILER_APPICON_NAME = AppIcon;
				ASSETCATALOG_COMPILER_GLOBAL_ACCENT_COLOR_NAME = AccentColor;
				CODE_SIGN_IDENTITY = "Apple Development";
				CODE_SIGN_STYLE = Automatic;
				CURRENT_PROJECT_VERSION = 1;
				DEVELOPMENT_ASSET_PATHS = "\"reactions-app/Preview Content\"";
				DEVELOPMENT_TEAM = 7H845U3D2J;
				ENABLE_PREVIEWS = YES;
				INFOPLIST_FILE = "reactions-app/Info.plist";
				IPHONEOS_DEPLOYMENT_TARGET = 13.2;
				LD_RUNPATH_SEARCH_PATHS = (
					"$(inherited)",
					"@executable_path/Frameworks",
				);
				MARKETING_VERSION = 1.0.2;
				PRODUCT_BUNDLE_IDENTIFIER = com.reaction.rate;
				PRODUCT_NAME = "$(TARGET_NAME)";
				PROVISIONING_PROFILE_SPECIFIER = "";
				SWIFT_VERSION = 5.0;
				TARGETED_DEVICE_FAMILY = "1,2";
			};
			name = Release;
		};
/* End XCBuildConfiguration section */

/* Begin XCConfigurationList section */
		57035EE9255BFE5200DB3A19 /* Build configuration list for PBXNativeTarget "reactions-appTests" */ = {
			isa = XCConfigurationList;
			buildConfigurations = (
				57035EEA255BFE5200DB3A19 /* Debug */,
				57035EEB255BFE5200DB3A19 /* Release */,
			);
			defaultConfigurationIsVisible = 0;
			defaultConfigurationName = Release;
		};
		571D6A37255A780700F4E635 /* Build configuration list for PBXProject "reactions-app" */ = {
			isa = XCConfigurationList;
			buildConfigurations = (
				571D6A4E255A780900F4E635 /* Debug */,
				571D6A4F255A780900F4E635 /* Release */,
			);
			defaultConfigurationIsVisible = 0;
			defaultConfigurationName = Release;
		};
		571D6A50255A780900F4E635 /* Build configuration list for PBXNativeTarget "reactions-app" */ = {
			isa = XCConfigurationList;
			buildConfigurations = (
				571D6A51255A780900F4E635 /* Debug */,
				571D6A52255A780900F4E635 /* Release */,
			);
			defaultConfigurationIsVisible = 0;
			defaultConfigurationName = Release;
		};
/* End XCConfigurationList section */
	};
	rootObject = 571D6A34255A780700F4E635 /* Project object */;
}
